
Microsoft Visual Studio Solution File, Format Version 12.00
# Visual Studio Version 17
VisualStudioVersion = 17.5.33516.290
MinimumVisualStudioVersion = 10.0.40219.1
Project("{FAE04EC0-301F-11D3-BF4B-00C04F79EFBC}") = "FilmesAPI", "FilmesAPI\FilmesAPI.csproj", "{A329CCC8-CAD6-4CE4-BCB5-CA5CB5331A33}"
EndProject
Project("{2150E333-8FDC-42A3-9474-1A3956D46DE8}") = "Itens de Solução", "Itens de Solução", "{40EADFE8-F5E6-479A-8C3D-451B05EC013B}"
	ProjectSection(SolutionItems) = preProject
		.gitignore = .gitignore
	EndProjectSection
EndProject
Global
	GlobalSection(SolutionConfigurationPlatforms) = preSolution
		Debug|Any CPU = Debug|Any CPU
		Release|Any CPU = Release|Any CPU
	EndGlobalSection
	GlobalSection(ProjectConfigurationPlatforms) = postSolution
		{A329CCC8-CAD6-4CE4-BCB5-CA5CB5331A33}.Debug|Any CPU.ActiveCfg = Debug|Any CPU
		{A329CCC8-CAD6-4CE4-BCB5-CA5CB5331A33}.Debug|Any CPU.Build.0 = Debug|Any CPU
		{A329CCC8-CAD6-4CE4-BCB5-CA5CB5331A33}.Release|Any CPU.ActiveCfg = Release|Any CPU
		{A329CCC8-CAD6-4CE4-BCB5-CA5CB5331A33}.Release|Any CPU.Build.0 = Release|Any CPU
	EndGlobalSection
	GlobalSection(SolutionProperties) = preSolution
		HideSolutionNode = FALSE
	EndGlobalSection
	GlobalSection(ExtensibilityGlobals) = postSolution
		SolutionGuid = {8D323410-98B7-4631-808E-18F4BA077A4A}
	EndGlobalSection
EndGlobal
